
Microsoft Visual Studio Solution File, Format Version 12.00
# Visual Studio 2012
Project("{FAE04EC0-301F-11D3-BF4B-00C04F79EFBC}") = "CacheController", "CacheController\CacheController.csproj", "{AFBC4DB6-C9A5-4791-97FE-68ED4118F59C}"
EndProject
Project("{FAE04EC0-301F-11D3-BF4B-00C04F79EFBC}") = "CacheController.Tests", "CacheController.Tests\CacheController.Tests.csproj", "{85ACAB5A-7102-4615-8409-CE6713FA269F}"
EndProject
Project("{2150E333-8FDC-42A3-9474-1A3956D46DE8}") = ".nuget", ".nuget", "{744B5C44-3F97-469E-95D0-070989DA5E5D}"
	ProjectSection(SolutionItems) = preProject
		.nuget\NuGet.Config = .nuget\NuGet.Config
		.nuget\NuGet.exe = .nuget\NuGet.exe
		.nuget\NuGet.targets = .nuget\NuGet.targets
	EndProjectSection
EndProject
Global
	GlobalSection(SolutionConfigurationPlatforms) = preSolution
		Debug|Any CPU = Debug|Any CPU
		Release|Any CPU = Release|Any CPU
	EndGlobalSection
	GlobalSection(ProjectConfigurationPlatforms) = postSolution
		{AFBC4DB6-C9A5-4791-97FE-68ED4118F59C}.Debug|Any CPU.ActiveCfg = Debug|Any CPU
		{AFBC4DB6-C9A5-4791-97FE-68ED4118F59C}.Debug|Any CPU.Build.0 = Debug|Any CPU
		{AFBC4DB6-C9A5-4791-97FE-68ED4118F59C}.Release|Any CPU.ActiveCfg = Release|Any CPU
		{AFBC4DB6-C9A5-4791-97FE-68ED4118F59C}.Release|Any CPU.Build.0 = Release|Any CPU
		{85ACAB5A-7102-4615-8409-CE6713FA269F}.Debug|Any CPU.ActiveCfg = Debug|Any CPU
		{85ACAB5A-7102-4615-8409-CE6713FA269F}.Debug|Any CPU.Build.0 = Debug|Any CPU
		{85ACAB5A-7102-4615-8409-CE6713FA269F}.Release|Any CPU.ActiveCfg = Release|Any CPU
		{85ACAB5A-7102-4615-8409-CE6713FA269F}.Release|Any CPU.Build.0 = Release|Any CPU
	EndGlobalSection
	GlobalSection(SolutionProperties) = preSolution
		HideSolutionNode = FALSE
	EndGlobalSection
EndGlobal
